
Microsoft Visual Studio Solution File, Format Version 12.00
# Visual Studio 15
VisualStudioVersion = 15.0.27130.2024
MinimumVisualStudioVersion = 10.0.40219.1
Project("{2150E333-8FDC-42A3-9474-1A3956D46DE8}") = "4. Infrastructure", "4. Infrastructure", "{5D6F0DDC-2521-409A-B45A-3750D31EB1B3}"
EndProject
Project("{2150E333-8FDC-42A3-9474-1A3956D46DE8}") = "4.1. Common", "4.1. Common", "{E8EC922F-3A50-4986-8A40-BAC2544A34DC}"
EndProject
Project("{9A19103F-16F7-4668-BE54-9A1E7A4F7556}") = "PuntosColombia.MissingNumbers.Infrastructure.Framework", "PuntosColombia.MissingNumbers\PuntosColombia.MissingNumbers.Infrastructure.Framework\PuntosColombia.MissingNumbers.Infrastructure.Framework.csproj", "{2949F04B-FCC0-40DC-9D63-1100AD760088}"
EndProject
Project("{9A19103F-16F7-4668-BE54-9A1E7A4F7556}") = "PuntosColombia.MissingNumbers.Infrastructure.Data", "PuntosColombia.MissingNumbers\PuntosColombia.MissingNumbers.Infrastructure.Data\PuntosColombia.MissingNumbers.Infrastructure.Data.csproj", "{77F1F0D8-96F0-4111-BA20-8A587A361B5F}"
EndProject
Project("{2150E333-8FDC-42A3-9474-1A3956D46DE8}") = "3. Domain", "3. Domain", "{79023126-D157-4D65-8DAB-C23B9E55D674}"
EndProject
Project("{9A19103F-16F7-4668-BE54-9A1E7A4F7556}") = "PuntosColombia.MissingNumbers.Domain.Entities", "PuntosColombia.MissingNumbers\PuntosColombia.MissingNumbers.Domain.Entities\PuntosColombia.MissingNumbers.Domain.Entities.csproj", "{9B1E100D-A97C-4B61-8C32-8C6FC05B8A47}"
EndProject
Project("{9A19103F-16F7-4668-BE54-9A1E7A4F7556}") = "PuntosColombia.MissingNumbers.Domain", "PuntosColombia.MissingNumbers\PuntosColombia.MissingNumbers.Domain\PuntosColombia.MissingNumbers.Domain.csproj", "{C2723E22-5676-406D-B869-05D56607B4D0}"
EndProject
Project("{2150E333-8FDC-42A3-9474-1A3956D46DE8}") = "2. Application", "2. Application", "{38B2D08F-3243-4C32-8324-3C0C06220C30}"
EndProject
Project("{9A19103F-16F7-4668-BE54-9A1E7A4F7556}") = "PuntosColombia.MissingNumbers.Application", "PuntosColombia.MissingNumbers\PuntosColombia.MissingNumbers.Application\PuntosColombia.MissingNumbers.Application.csproj", "{07AC98E8-24DF-45AE-BFD7-2507F668BF25}"
EndProject
Project("{2150E333-8FDC-42A3-9474-1A3956D46DE8}") = "1. Presentation", "1. Presentation", "{3662D0A2-D345-4A37-928C-0B829006A9A4}"
EndProject
Project("{9A19103F-16F7-4668-BE54-9A1E7A4F7556}") = "PuntosColombia.MissingNumbers", "PuntosColombia.MissingNumbers\PuntosColombia.MissingNumbers\PuntosColombia.MissingNumbers.csproj", "{CA75B958-A338-4ABA-A9C6-F2D9D3EA662B}"
EndProject
Global
	GlobalSection(SolutionConfigurationPlatforms) = preSolution
		Debug|Any CPU = Debug|Any CPU
		Release|Any CPU = Release|Any CPU
	EndGlobalSection
	GlobalSection(ProjectConfigurationPlatforms) = postSolution
		{2949F04B-FCC0-40DC-9D63-1100AD760088}.Debug|Any CPU.ActiveCfg = Debug|Any CPU
		{2949F04B-FCC0-40DC-9D63-1100AD760088}.Debug|Any CPU.Build.0 = Debug|Any CPU
		{2949F04B-FCC0-40DC-9D63-1100AD760088}.Release|Any CPU.ActiveCfg = Release|Any CPU
		{2949F04B-FCC0-40DC-9D63-1100AD760088}.Release|Any CPU.Build.0 = Release|Any CPU
		{77F1F0D8-96F0-4111-BA20-8A587A361B5F}.Debug|Any CPU.ActiveCfg = Debug|Any CPU
		{77F1F0D8-96F0-4111-BA20-8A587A361B5F}.Debug|Any CPU.Build.0 = Debug|Any CPU
		{77F1F0D8-96F0-4111-BA20-8A587A361B5F}.Release|Any CPU.ActiveCfg = Release|Any CPU
		{77F1F0D8-96F0-4111-BA20-8A587A361B5F}.Release|Any CPU.Build.0 = Release|Any CPU
		{9B1E100D-A97C-4B61-8C32-8C6FC05B8A47}.Debug|Any CPU.ActiveCfg = Debug|Any CPU
		{9B1E100D-A97C-4B61-8C32-8C6FC05B8A47}.Debug|Any CPU.Build.0 = Debug|Any CPU
		{9B1E100D-A97C-4B61-8C32-8C6FC05B8A47}.Release|Any CPU.ActiveCfg = Release|Any CPU
		{9B1E100D-A97C-4B61-8C32-8C6FC05B8A47}.Release|Any CPU.Build.0 = Release|Any CPU
		{C2723E22-5676-406D-B869-05D56607B4D0}.Debug|Any CPU.ActiveCfg = Debug|Any CPU
		{C2723E22-5676-406D-B869-05D56607B4D0}.Debug|Any CPU.Build.0 = Debug|Any CPU
		{C2723E22-5676-406D-B869-05D56607B4D0}.Release|Any CPU.ActiveCfg = Release|Any CPU
		{C2723E22-5676-406D-B869-05D56607B4D0}.Release|Any CPU.Build.0 = Release|Any CPU
		{07AC98E8-24DF-45AE-BFD7-2507F668BF25}.Debug|Any CPU.ActiveCfg = Debug|Any CPU
		{07AC98E8-24DF-45AE-BFD7-2507F668BF25}.Debug|Any CPU.Build.0 = Debug|Any CPU
		{07AC98E8-24DF-45AE-BFD7-2507F668BF25}.Release|Any CPU.ActiveCfg = Release|Any CPU
		{07AC98E8-24DF-45AE-BFD7-2507F668BF25}.Release|Any CPU.Build.0 = Release|Any CPU
		{CA75B958-A338-4ABA-A9C6-F2D9D3EA662B}.Debug|Any CPU.ActiveCfg = Debug|Any CPU
		{CA75B958-A338-4ABA-A9C6-F2D9D3EA662B}.Debug|Any CPU.Build.0 = Debug|Any CPU
		{CA75B958-A338-4ABA-A9C6-F2D9D3EA662B}.Release|Any CPU.ActiveCfg = Release|Any CPU
		{CA75B958-A338-4ABA-A9C6-F2D9D3EA662B}.Release|Any CPU.Build.0 = Release|Any CPU
	EndGlobalSection
	GlobalSection(SolutionProperties) = preSolution
		HideSolutionNode = FALSE
	EndGlobalSection
	GlobalSection(NestedProjects) = preSolution
		{E8EC922F-3A50-4986-8A40-BAC2544A34DC} = {5D6F0DDC-2521-409A-B45A-3750D31EB1B3}
		{2949F04B-FCC0-40DC-9D63-1100AD760088} = {E8EC922F-3A50-4986-8A40-BAC2544A34DC}
		{77F1F0D8-96F0-4111-BA20-8A587A361B5F} = {E8EC922F-3A50-4986-8A40-BAC2544A34DC}
		{9B1E100D-A97C-4B61-8C32-8C6FC05B8A47} = {79023126-D157-4D65-8DAB-C23B9E55D674}
		{C2723E22-5676-406D-B869-05D56607B4D0} = {79023126-D157-4D65-8DAB-C23B9E55D674}
		{07AC98E8-24DF-45AE-BFD7-2507F668BF25} = {38B2D08F-3243-4C32-8324-3C0C06220C30}
		{CA75B958-A338-4ABA-A9C6-F2D9D3EA662B} = {3662D0A2-D345-4A37-928C-0B829006A9A4}
	EndGlobalSection
	GlobalSection(ExtensibilityGlobals) = postSolution
		SolutionGuid = {656ED259-9296-47BE-B655-9F55094D5C77}
	EndGlobalSection
EndGlobal
